{
  "version": 4,
  "terraform_version": "1.3.7",
  "serial": 417,
  "lineage": "7e92c02d-9c40-a8b4-d0b9-e2651a2bb954",
  "outputs": {},
  "resources": [
    {
      "mode": "managed",
      "type": "aws_eip",
      "name": "myeip",
      "provider": "provider[\"registry.terraform.io/hashicorp/aws\"]",
      "instances": [
        {
          "schema_version": 0,
          "attributes": {
            "address": null,
            "allocation_id": "eipalloc-00adfda4de8d36d0c",
            "associate_with_private_ip": null,
            "association_id": "eipassoc-0a1bd616a12845081",
            "carrier_ip": "",
            "customer_owned_ip": "",
            "customer_owned_ipv4_pool": "",
            "domain": "vpc",
            "id": "eipalloc-00adfda4de8d36d0c",
            "instance": "",
            "network_border_group": "us-east-1",
            "network_interface": "eni-0d5e5ffc0619c5b8a",
            "private_dns": "ip-10-0-0-243.ec2.internal",
            "private_ip": "10.0.0.243",
            "public_dns": "ec2-34-202-199-55.compute-1.amazonaws.com",
            "public_ip": "34.202.199.55",
            "public_ipv4_pool": "amazon",
            "tags": {},
            "tags_all": {},
            "timeouts": null,
            "vpc": true
          },
          "sensitive_attributes": [],
          "private": "eyJlMmJmYjczMC1lY2FhLTExZTYtOGY4OC0zNDM2M2JjN2M0YzAiOnsiZGVsZXRlIjoxODAwMDAwMDAwMDAsInJlYWQiOjkwMDAwMDAwMDAwMCwidXBkYXRlIjozMDAwMDAwMDAwMDB9fQ=="
        }
      ]
    },
    {
      "mode": "managed",
      "type": "aws_instance",
      "name": "webserver1",
      "provider": "provider[\"registry.terraform.io/hashicorp/aws\"]",
      "instances": [
        {
          "schema_version": 1,
          "attributes": {
            "ami": "ami-06aa3f7caf3a30282",
            "arn": "arn:aws:ec2:us-east-1:739946033235:instance/i-0d2738c922f528933",
            "associate_public_ip_address": true,
            "availability_zone": "us-east-1a",
            "capacity_reservation_specification": [
              {
                "capacity_reservation_preference": "open",
                "capacity_reservation_target": []
              }
            ],
            "cpu_core_count": 1,
            "cpu_options": [
              {
                "amd_sev_snp": "",
                "core_count": 1,
                "threads_per_core": 1
              }
            ],
            "cpu_threads_per_core": 1,
            "credit_specification": [
              {
                "cpu_credits": "standard"
              }
            ],
            "disable_api_stop": false,
            "disable_api_termination": false,
            "ebs_block_device": [],
            "ebs_optimized": false,
            "enclave_options": [
              {
                "enabled": false
              }
            ],
            "ephemeral_block_device": [],
            "get_password_data": false,
            "hibernation": false,
            "host_id": "",
            "host_resource_group_arn": null,
            "iam_instance_profile": "",
            "id": "i-0d2738c922f528933",
            "instance_initiated_shutdown_behavior": "stop",
            "instance_lifecycle": "",
            "instance_market_options": [],
            "instance_state": "running",
            "instance_type": "t2.micro",
            "ipv6_address_count": 0,
            "ipv6_addresses": [],
            "key_name": "aws_keys_pairs",
            "launch_template": [],
            "maintenance_options": [
              {
                "auto_recovery": "default"
              }
            ],
            "metadata_options": [
              {
                "http_endpoint": "enabled",
                "http_protocol_ipv6": "disabled",
                "http_put_response_hop_limit": 1,
                "http_tokens": "optional",
                "instance_metadata_tags": "disabled"
              }
            ],
            "monitoring": false,
            "network_interface": [],
            "outpost_arn": "",
            "password_data": "",
            "placement_group": "",
            "placement_partition_number": 0,
            "primary_network_interface_id": "eni-01715361f62ae21f8",
            "private_dns": "ip-10-0-0-231.ec2.internal",
            "private_dns_name_options": [
              {
                "enable_resource_name_dns_a_record": false,
                "enable_resource_name_dns_aaaa_record": false,
                "hostname_type": "ip-name"
              }
            ],
            "private_ip": "10.0.0.231",
            "public_dns": "",
            "public_ip": "44.205.8.191",
            "root_block_device": [
              {
                "delete_on_termination": true,
                "device_name": "/dev/sda1",
                "encrypted": false,
                "iops": 100,
                "kms_key_id": "",
                "tags": {},
                "throughput": 0,
                "volume_id": "vol-097de79415f3413ec",
                "volume_size": 8,
                "volume_type": "gp2"
              }
            ],
            "secondary_private_ips": [],
            "security_groups": [],
            "source_dest_check": true,
            "spot_instance_request_id": "",
            "subnet_id": "subnet-0f71eced79a4edfc2",
            "tags": {
              "Name": "Bastion Host"
            },
            "tags_all": {
              "Name": "Bastion Host"
            },
            "tenancy": "default",
            "timeouts": null,
            "user_data": "e0c956211d394aa1fdd4dac6a07dd6c50a0ec795",
            "user_data_base64": null,
            "user_data_replace_on_change": false,
            "volume_tags": null,
            "vpc_security_group_ids": [
              "sg-02d4ad6edc9799c25"
            ]
          },
          "sensitive_attributes": [],
          "private": "eyJlMmJmYjczMC1lY2FhLTExZTYtOGY4OC0zNDM2M2JjN2M0YzAiOnsiY3JlYXRlIjo2MDAwMDAwMDAwMDAsImRlbGV0ZSI6MTIwMDAwMDAwMDAwMCwidXBkYXRlIjo2MDAwMDAwMDAwMDB9LCJzY2hlbWFfdmVyc2lvbiI6IjEifQ==",
          "dependencies": [
            "aws_security_group.web-sg-pub",
            "aws_subnet.pubsub"
          ]
        }
      ]
    },
    {
      "mode": "managed",
      "type": "aws_instance",
      "name": "webserver2",
      "provider": "provider[\"registry.terraform.io/hashicorp/aws\"]",
      "instances": [
        {
          "schema_version": 1,
          "attributes": {
            "ami": "ami-06aa3f7caf3a30282",
            "arn": "arn:aws:ec2:us-east-1:739946033235:instance/i-05328565db8baa847",
            "associate_public_ip_address": true,
            "availability_zone": "us-east-1b",
            "capacity_reservation_specification": [
              {
                "capacity_reservation_preference": "open",
                "capacity_reservation_target": []
              }
            ],
            "cpu_core_count": 1,
            "cpu_options": [
              {
                "amd_sev_snp": "",
                "core_count": 1,
                "threads_per_core": 1
              }
            ],
            "cpu_threads_per_core": 1,
            "credit_specification": [
              {
                "cpu_credits": "standard"
              }
            ],
            "disable_api_stop": false,
            "disable_api_termination": false,
            "ebs_block_device": [],
            "ebs_optimized": false,
            "enclave_options": [
              {
                "enabled": false
              }
            ],
            "ephemeral_block_device": [],
            "get_password_data": false,
            "hibernation": false,
            "host_id": "",
            "host_resource_group_arn": null,
            "iam_instance_profile": "",
            "id": "i-05328565db8baa847",
            "instance_initiated_shutdown_behavior": "stop",
            "instance_lifecycle": "",
            "instance_market_options": [],
            "instance_state": "running",
            "instance_type": "t2.micro",
            "ipv6_address_count": 0,
            "ipv6_addresses": [],
            "key_name": "",
            "launch_template": [],
            "maintenance_options": [
              {
                "auto_recovery": "default"
              }
            ],
            "metadata_options": [
              {
                "http_endpoint": "enabled",
                "http_protocol_ipv6": "disabled",
                "http_put_response_hop_limit": 1,
                "http_tokens": "optional",
                "instance_metadata_tags": "disabled"
              }
            ],
            "monitoring": false,
            "network_interface": [],
            "outpost_arn": "",
            "password_data": "",
            "placement_group": "",
            "placement_partition_number": 0,
            "primary_network_interface_id": "eni-0eaa4f53e53cdb970",
            "private_dns": "ip-10-0-1-188.ec2.internal",
            "private_dns_name_options": [
              {
                "enable_resource_name_dns_a_record": false,
                "enable_resource_name_dns_aaaa_record": false,
                "hostname_type": "ip-name"
              }
            ],
            "private_ip": "10.0.1.188",
            "public_dns": "",
            "public_ip": "54.92.178.189",
            "root_block_device": [
              {
                "delete_on_termination": true,
                "device_name": "/dev/sda1",
                "encrypted": false,
                "iops": 100,
                "kms_key_id": "",
                "tags": {},
                "throughput": 0,
                "volume_id": "vol-03c24af76f16cbea3",
                "volume_size": 8,
                "volume_type": "gp2"
              }
            ],
            "secondary_private_ips": [],
            "security_groups": [],
            "source_dest_check": true,
            "spot_instance_request_id": "",
            "subnet_id": "subnet-0e061790218576c43",
            "tags": {
              "Name": "Private Instance"
            },
            "tags_all": {
              "Name": "Private Instance"
            },
            "tenancy": "default",
            "timeouts": null,
            "user_data": "ba24e87f86a97919e2a91ba5a4ceec1def4522de",
            "user_data_base64": null,
            "user_data_replace_on_change": false,
            "volume_tags": null,
            "vpc_security_group_ids": [
              "sg-0c8d4feeab959b837"
            ]
          },
          "sensitive_attributes": [],
          "private": "eyJlMmJmYjczMC1lY2FhLTExZTYtOGY4OC0zNDM2M2JjN2M0YzAiOnsiY3JlYXRlIjo2MDAwMDAwMDAwMDAsImRlbGV0ZSI6MTIwMDAwMDAwMDAwMCwidXBkYXRlIjo2MDAwMDAwMDAwMDB9LCJzY2hlbWFfdmVyc2lvbiI6IjEifQ==",
          "dependencies": [
            "aws_security_group.web-sg-pri",
            "aws_subnet.prisub",
            "aws_vpc.myVPC"
          ]
        }
      ]
    },
    {
      "mode": "managed",
      "type": "aws_internet_gateway",
      "name": "igw",
      "provider": "provider[\"registry.terraform.io/hashicorp/aws\"]",
      "instances": [
        {
          "schema_version": 0,
          "attributes": {
            "arn": "arn:aws:ec2:us-east-1:739946033235:internet-gateway/igw-050357d062e6e850c",
            "id": "igw-050357d062e6e850c",
            "owner_id": "739946033235",
            "tags": {
              "Name": "Internet_Gateway"
            },
            "tags_all": {
              "Name": "Internet_Gateway"
            },
            "timeouts": null,
            "vpc_id": "vpc-0db2f69aa4cd4ba3d"
          },
          "sensitive_attributes": [],
          "private": "eyJlMmJmYjczMC1lY2FhLTExZTYtOGY4OC0zNDM2M2JjN2M0YzAiOnsiY3JlYXRlIjoxMjAwMDAwMDAwMDAwLCJkZWxldGUiOjEyMDAwMDAwMDAwMDAsInVwZGF0ZSI6MTIwMDAwMDAwMDAwMH19",
          "dependencies": [
            "aws_vpc.myVPC"
          ]
        }
      ]
    },
    {
      "mode": "managed",
      "type": "aws_key_pair",
      "name": "generated_key",
      "provider": "provider[\"registry.terraform.io/hashicorp/aws\"]",
      "instances": [
        {
          "schema_version": 1,
          "attributes": {
            "arn": "arn:aws:ec2:us-east-1:739946033235:key-pair/aws_keys_pairs",
            "fingerprint": "31:00:68:5d:eb:9c:d2:3e:a2:33:35:7b:18:5e:89:17",
            "id": "aws_keys_pairs",
            "key_name": "aws_keys_pairs",
            "key_name_prefix": "",
            "key_pair_id": "key-0b44077596b433486",
            "key_type": "rsa",
            "public_key": "ssh-rsa AAAAB3NzaC1yc2EAAAADAQABAAACAQD0Z4Rx0EBh6dEdo6HKLq0X5OwRm04dXxDhBY9Rj7FxKvTUyDoqBwgxvU04SwHJtZtIkazcFQ/mzO2u4lirh8/EIfYHFm4CcIhf6zOQCuwk95OABeuSztmQ/RltQt8V+KcUFlXGMkBrjLeCQuTtDbtBX0BTfTywoCkg5YNT7FJH+BKBrnuevfq6qhi0czFOQRLR+Oq4x+5TkFeEfPgj3yPlrq85Vk5yp5XGSqP4yMjvD/hinY2AOJrNVQ/ACepQu/yZVmcSXaAaTqmTS0kyLfQQFErISWdWvaJBLEdqAGcOOSOcB+EddtpABYPJTzI+y02uVExuRSHt8sXuyFX1ayYWh/diXUJxo7WBYNuHMFvsXymt9HgZT4naTitiKoCh8jVGvxouayxItFFrHpAnEF1O+xQkFxJK2w5HBQbEnO8Rtc9P6KvOYMrW67ywvkMvfgLfUVlB27mYFyyFxrzq9xXEPTEcuP/mOfa14JfXOzUtGDNfurHaaOP3P5iF+7xYlXfF4U0P6noDPnhRyHE0k9ydg6v/yUqGmUccpmfJGfDxm8zdIbwFqUTHxFpiLOLdDxgr229iSfWhqcugyHxYboj8hAiB/JwldZZKliGZU46j6DIC1qcFt5YLVKQ7/2/su8SCm+sFILXFT9J7Ar5saudX1m4Ozh1ZVZ/B+EXSMxYl+Q==",
            "tags": {},
            "tags_all": {}
          },
          "sensitive_attributes": [],
          "private": "eyJzY2hlbWFfdmVyc2lvbiI6IjEifQ==",
          "dependencies": [
            "tls_private_key.rsa"
          ]
        }
      ]
    },
    {
      "mode": "managed",
      "type": "aws_nat_gateway",
      "name": "NAT",
      "provider": "provider[\"registry.terraform.io/hashicorp/aws\"]",
      "instances": [
        {
          "schema_version": 0,
          "attributes": {
            "allocation_id": "eipalloc-00adfda4de8d36d0c",
            "association_id": "eipassoc-0a1bd616a12845081",
            "connectivity_type": "public",
            "id": "nat-003d97f1b3ff41ac8",
            "network_interface_id": "eni-0d5e5ffc0619c5b8a",
            "private_ip": "10.0.0.243",
            "public_ip": "34.202.199.55",
            "secondary_allocation_ids": [],
            "secondary_private_ip_address_count": 0,
            "secondary_private_ip_addresses": [],
            "subnet_id": "subnet-0f71eced79a4edfc2",
            "tags": {},
            "tags_all": {},
            "timeouts": null
          },
          "sensitive_attributes": [],
          "private": "eyJlMmJmYjczMC1lY2FhLTExZTYtOGY4OC0zNDM2M2JjN2M0YzAiOnsiY3JlYXRlIjo2MDAwMDAwMDAwMDAsImRlbGV0ZSI6MTgwMDAwMDAwMDAwMCwidXBkYXRlIjo2MDAwMDAwMDAwMDB9fQ==",
          "dependencies": [
            "aws_eip.myeip",
            "aws_subnet.pubsub",
            "aws_vpc.myVPC"
          ]
        }
      ]
    },
    {
      "mode": "managed",
      "type": "aws_route_table",
      "name": "priRT",
      "provider": "provider[\"registry.terraform.io/hashicorp/aws\"]",
      "instances": [
        {
          "schema_version": 0,
          "attributes": {
            "arn": "arn:aws:ec2:us-east-1:739946033235:route-table/rtb-099aed6f36ae3f92f",
            "id": "rtb-099aed6f36ae3f92f",
            "owner_id": "739946033235",
            "propagating_vgws": [],
            "route": [
              {
                "carrier_gateway_id": "",
                "cidr_block": "0.0.0.0/0",
                "core_network_arn": "",
                "destination_prefix_list_id": "",
                "egress_only_gateway_id": "",
                "gateway_id": "nat-003d97f1b3ff41ac8",
                "ipv6_cidr_block": "",
                "local_gateway_id": "",
                "nat_gateway_id": "",
                "network_interface_id": "",
                "transit_gateway_id": "",
                "vpc_endpoint_id": "",
                "vpc_peering_connection_id": ""
              }
            ],
            "tags": {
              "Name": "Private_RouteTable"
            },
            "tags_all": {
              "Name": "Private_RouteTable"
            },
            "timeouts": null,
            "vpc_id": "vpc-0db2f69aa4cd4ba3d"
          },
          "sensitive_attributes": [],
          "private": "eyJlMmJmYjczMC1lY2FhLTExZTYtOGY4OC0zNDM2M2JjN2M0YzAiOnsiY3JlYXRlIjozMDAwMDAwMDAwMDAsImRlbGV0ZSI6MzAwMDAwMDAwMDAwLCJ1cGRhdGUiOjEyMDAwMDAwMDAwMH19",
          "dependencies": [
            "aws_nat_gateway.NAT",
            "aws_vpc.myVPC"
          ]
        }
      ]
    },
    {
      "mode": "managed",
      "type": "aws_route_table",
      "name": "pubRT",
      "provider": "provider[\"registry.terraform.io/hashicorp/aws\"]",
      "instances": [
        {
          "schema_version": 0,
          "attributes": {
            "arn": "arn:aws:ec2:us-east-1:739946033235:route-table/rtb-0e6e79b6aa650f50e",
            "id": "rtb-0e6e79b6aa650f50e",
            "owner_id": "739946033235",
            "propagating_vgws": [],
            "route": [
              {
                "carrier_gateway_id": "",
                "cidr_block": "0.0.0.0/0",
                "core_network_arn": "",
                "destination_prefix_list_id": "",
                "egress_only_gateway_id": "",
                "gateway_id": "igw-050357d062e6e850c",
                "ipv6_cidr_block": "",
                "local_gateway_id": "",
                "nat_gateway_id": "",
                "network_interface_id": "",
                "transit_gateway_id": "",
                "vpc_endpoint_id": "",
                "vpc_peering_connection_id": ""
              }
            ],
            "tags": {
              "Name": "Public_RouteTable"
            },
            "tags_all": {
              "Name": "Public_RouteTable"
            },
            "timeouts": null,
            "vpc_id": "vpc-0db2f69aa4cd4ba3d"
          },
          "sensitive_attributes": [],
          "private": "eyJlMmJmYjczMC1lY2FhLTExZTYtOGY4OC0zNDM2M2JjN2M0YzAiOnsiY3JlYXRlIjozMDAwMDAwMDAwMDAsImRlbGV0ZSI6MzAwMDAwMDAwMDAwLCJ1cGRhdGUiOjEyMDAwMDAwMDAwMH19",
          "dependencies": [
            "aws_internet_gateway.igw",
            "aws_vpc.myVPC"
          ]
        }
      ]
    },
    {
      "mode": "managed",
      "type": "aws_route_table_association",
      "name": "prirta",
      "provider": "provider[\"registry.terraform.io/hashicorp/aws\"]",
      "instances": [
        {
          "schema_version": 0,
          "attributes": {
            "gateway_id": "",
            "id": "rtbassoc-06069a89dcce243cd",
            "route_table_id": "rtb-099aed6f36ae3f92f",
            "subnet_id": "subnet-0e061790218576c43",
            "timeouts": null
          },
          "sensitive_attributes": [],
          "private": "eyJlMmJmYjczMC1lY2FhLTExZTYtOGY4OC0zNDM2M2JjN2M0YzAiOnsiY3JlYXRlIjozMDAwMDAwMDAwMDAsImRlbGV0ZSI6MzAwMDAwMDAwMDAwLCJ1cGRhdGUiOjEyMDAwMDAwMDAwMH19",
          "dependencies": [
            "aws_eip.myeip",
            "aws_nat_gateway.NAT",
            "aws_route_table.priRT",
            "aws_subnet.prisub",
            "aws_subnet.pubsub",
            "aws_vpc.myVPC"
          ]
        }
      ]
    },
    {
      "mode": "managed",
      "type": "aws_route_table_association",
      "name": "pubrta",
      "provider": "provider[\"registry.terraform.io/hashicorp/aws\"]",
      "instances": [
        {
          "schema_version": 0,
          "attributes": {
            "gateway_id": "",
            "id": "rtbassoc-02b126b75fff42d39",
            "route_table_id": "rtb-0e6e79b6aa650f50e",
            "subnet_id": "subnet-0f71eced79a4edfc2",
            "timeouts": null
          },
          "sensitive_attributes": [],
          "private": "eyJlMmJmYjczMC1lY2FhLTExZTYtOGY4OC0zNDM2M2JjN2M0YzAiOnsiY3JlYXRlIjozMDAwMDAwMDAwMDAsImRlbGV0ZSI6MzAwMDAwMDAwMDAwLCJ1cGRhdGUiOjEyMDAwMDAwMDAwMH19",
          "dependencies": [
            "aws_internet_gateway.igw",
            "aws_route_table.pubRT",
            "aws_subnet.pubsub",
            "aws_vpc.myVPC"
          ]
        }
      ]
    },
    {
      "mode": "managed",
      "type": "aws_s3_bucket",
      "name": "example",
      "provider": "provider[\"registry.terraform.io/hashicorp/aws\"]",
      "instances": [
        {
          "schema_version": 0,
          "attributes": {
            "acceleration_status": "",
            "acl": null,
            "arn": "arn:aws:s3:::idrisprojectforterraformaws",
            "bucket": "idrisprojectforterraformaws",
            "bucket_domain_name": "idrisprojectforterraformaws.s3.amazonaws.com",
            "bucket_prefix": "",
            "bucket_regional_domain_name": "idrisprojectforterraformaws.s3.us-east-1.amazonaws.com",
            "cors_rule": [],
            "force_destroy": false,
            "grant": [
              {
                "id": "b4afa5f1293842c26ddc633e01ddd132b8827e05e020f49fe59522cb3eb7187b",
                "permissions": [
                  "FULL_CONTROL"
                ],
                "type": "CanonicalUser",
                "uri": ""
              }
            ],
            "hosted_zone_id": "Z3AQBSTGFYJSTF",
            "id": "idrisprojectforterraformaws",
            "lifecycle_rule": [],
            "logging": [],
            "object_lock_configuration": [],
            "object_lock_enabled": false,
            "policy": "",
            "region": "us-east-1",
            "replication_configuration": [],
            "request_payer": "BucketOwner",
            "server_side_encryption_configuration": [
              {
                "rule": [
                  {
                    "apply_server_side_encryption_by_default": [
                      {
                        "kms_master_key_id": "",
                        "sse_algorithm": "AES256"
                      }
                    ],
                    "bucket_key_enabled": false
                  }
                ]
              }
            ],
            "tags": {
              "Environment": "Dev",
              "Name": "My bucket"
            },
            "tags_all": {
              "Environment": "Dev",
              "Name": "My bucket"
            },
            "timeouts": null,
            "versioning": [
              {
                "enabled": false,
                "mfa_delete": false
              }
            ],
            "website": [],
            "website_domain": null,
            "website_endpoint": null
          },
          "sensitive_attributes": [],
          "private": "eyJlMmJmYjczMC1lY2FhLTExZTYtOGY4OC0zNDM2M2JjN2M0YzAiOnsiY3JlYXRlIjoxMjAwMDAwMDAwMDAwLCJkZWxldGUiOjM2MDAwMDAwMDAwMDAsInJlYWQiOjEyMDAwMDAwMDAwMDAsInVwZGF0ZSI6MTIwMDAwMDAwMDAwMH19"
        }
      ]
    },
    {
      "mode": "managed",
      "type": "aws_security_group",
      "name": "web-sg-pri",
      "provider": "provider[\"registry.terraform.io/hashicorp/aws\"]",
      "instances": [
        {
          "schema_version": 1,
          "attributes": {
            "arn": "arn:aws:ec2:us-east-1:739946033235:security-group/sg-0c8d4feeab959b837",
            "description": "Managed by Terraform",
            "egress": [
              {
                "cidr_blocks": [
                  "0.0.0.0/0"
                ],
                "description": "",
                "from_port": 0,
                "ipv6_cidr_blocks": [],
                "prefix_list_ids": [],
                "protocol": "-1",
                "security_groups": [],
                "self": false,
                "to_port": 0
              }
            ],
            "id": "sg-0c8d4feeab959b837",
            "ingress": [
              {
                "cidr_blocks": [
                  "10.0.0.0/24"
                ],
                "description": "",
                "from_port": 22,
                "ipv6_cidr_blocks": [],
                "prefix_list_ids": [],
                "protocol": "tcp",
                "security_groups": [],
                "self": false,
                "to_port": 22
              }
            ],
            "name": "web-sg-pri",
            "name_prefix": "",
            "owner_id": "739946033235",
            "revoke_rules_on_delete": false,
            "tags": {
              "Name": "Private-SG"
            },
            "tags_all": {
              "Name": "Private-SG"
            },
            "timeouts": null,
            "vpc_id": "vpc-0db2f69aa4cd4ba3d"
          },
          "sensitive_attributes": [],
          "private": "eyJlMmJmYjczMC1lY2FhLTExZTYtOGY4OC0zNDM2M2JjN2M0YzAiOnsiY3JlYXRlIjo2MDAwMDAwMDAwMDAsImRlbGV0ZSI6OTAwMDAwMDAwMDAwfSwic2NoZW1hX3ZlcnNpb24iOiIxIn0=",
          "dependencies": [
            "aws_vpc.myVPC"
          ]
        }
      ]
    },
    {
      "mode": "managed",
      "type": "aws_security_group",
      "name": "web-sg-pub",
      "provider": "provider[\"registry.terraform.io/hashicorp/aws\"]",
      "instances": [
        {
          "schema_version": 1,
          "attributes": {
            "arn": "arn:aws:ec2:us-east-1:739946033235:security-group/sg-02d4ad6edc9799c25",
            "description": "Managed by Terraform",
            "egress": [
              {
                "cidr_blocks": [
                  "0.0.0.0/0"
                ],
                "description": "",
                "from_port": 0,
                "ipv6_cidr_blocks": [],
                "prefix_list_ids": [],
                "protocol": "-1",
                "security_groups": [],
                "self": false,
                "to_port": 0
              }
            ],
            "id": "sg-02d4ad6edc9799c25",
            "ingress": [
              {
                "cidr_blocks": [
                  "0.0.0.0/0"
                ],
                "description": "",
                "from_port": 22,
                "ipv6_cidr_blocks": [],
                "prefix_list_ids": [],
                "protocol": "tcp",
                "security_groups": [],
                "self": false,
                "to_port": 22
              },
              {
                "cidr_blocks": [
                  "0.0.0.0/0"
                ],
                "description": "",
                "from_port": 80,
                "ipv6_cidr_blocks": [],
                "prefix_list_ids": [],
                "protocol": "tcp",
                "security_groups": [],
                "self": false,
                "to_port": 80
              }
            ],
            "name": "web-sg-pub",
            "name_prefix": "",
            "owner_id": "739946033235",
            "revoke_rules_on_delete": false,
            "tags": {
              "Name": "Public-SG"
            },
            "tags_all": {
              "Name": "Public-SG"
            },
            "timeouts": null,
            "vpc_id": "vpc-0db2f69aa4cd4ba3d"
          },
          "sensitive_attributes": [],
          "private": "eyJlMmJmYjczMC1lY2FhLTExZTYtOGY4OC0zNDM2M2JjN2M0YzAiOnsiY3JlYXRlIjo2MDAwMDAwMDAwMDAsImRlbGV0ZSI6OTAwMDAwMDAwMDAwfSwic2NoZW1hX3ZlcnNpb24iOiIxIn0=",
          "dependencies": [
            "aws_vpc.myVPC"
          ]
        }
      ]
    },
    {
      "mode": "managed",
      "type": "aws_subnet",
      "name": "prisub",
      "provider": "provider[\"registry.terraform.io/hashicorp/aws\"]",
      "instances": [
        {
          "schema_version": 1,
          "attributes": {
            "arn": "arn:aws:ec2:us-east-1:739946033235:subnet/subnet-0e061790218576c43",
            "assign_ipv6_address_on_creation": false,
            "availability_zone": "us-east-1b",
            "availability_zone_id": "use1-az2",
            "cidr_block": "10.0.1.0/24",
            "customer_owned_ipv4_pool": "",
            "enable_dns64": false,
            "enable_lni_at_device_index": 0,
            "enable_resource_name_dns_a_record_on_launch": false,
            "enable_resource_name_dns_aaaa_record_on_launch": false,
            "id": "subnet-0e061790218576c43",
            "ipv6_cidr_block": "",
            "ipv6_cidr_block_association_id": "",
            "ipv6_native": false,
            "map_customer_owned_ip_on_launch": false,
            "map_public_ip_on_launch": true,
            "outpost_arn": "",
            "owner_id": "739946033235",
            "private_dns_hostname_type_on_launch": "ip-name",
            "tags": {
              "Name": "Private_Subnet"
            },
            "tags_all": {
              "Name": "Private_Subnet"
            },
            "timeouts": null,
            "vpc_id": "vpc-0db2f69aa4cd4ba3d"
          },
          "sensitive_attributes": [],
          "private": "eyJlMmJmYjczMC1lY2FhLTExZTYtOGY4OC0zNDM2M2JjN2M0YzAiOnsiY3JlYXRlIjo2MDAwMDAwMDAwMDAsImRlbGV0ZSI6MTIwMDAwMDAwMDAwMH0sInNjaGVtYV92ZXJzaW9uIjoiMSJ9",
          "dependencies": [
            "aws_vpc.myVPC"
          ]
        }
      ]
    },
    {
      "mode": "managed",
      "type": "aws_subnet",
      "name": "pubsub",
      "provider": "provider[\"registry.terraform.io/hashicorp/aws\"]",
      "instances": [
        {
          "schema_version": 1,
          "attributes": {
            "arn": "arn:aws:ec2:us-east-1:739946033235:subnet/subnet-0f71eced79a4edfc2",
            "assign_ipv6_address_on_creation": false,
            "availability_zone": "us-east-1a",
            "availability_zone_id": "use1-az1",
            "cidr_block": "10.0.0.0/24",
            "customer_owned_ipv4_pool": "",
            "enable_dns64": false,
            "enable_lni_at_device_index": 0,
            "enable_resource_name_dns_a_record_on_launch": false,
            "enable_resource_name_dns_aaaa_record_on_launch": false,
            "id": "subnet-0f71eced79a4edfc2",
            "ipv6_cidr_block": "",
            "ipv6_cidr_block_association_id": "",
            "ipv6_native": false,
            "map_customer_owned_ip_on_launch": false,
            "map_public_ip_on_launch": true,
            "outpost_arn": "",
            "owner_id": "739946033235",
            "private_dns_hostname_type_on_launch": "ip-name",
            "tags": {
              "Name": "Public_Subnet"
            },
            "tags_all": {
              "Name": "Public_Subnet"
            },
            "timeouts": null,
            "vpc_id": "vpc-0db2f69aa4cd4ba3d"
          },
          "sensitive_attributes": [],
          "private": "eyJlMmJmYjczMC1lY2FhLTExZTYtOGY4OC0zNDM2M2JjN2M0YzAiOnsiY3JlYXRlIjo2MDAwMDAwMDAwMDAsImRlbGV0ZSI6MTIwMDAwMDAwMDAwMH0sInNjaGVtYV92ZXJzaW9uIjoiMSJ9",
          "dependencies": [
            "aws_vpc.myVPC"
          ]
        }
      ]
    },
    {
      "mode": "managed",
      "type": "aws_vpc",
      "name": "myVPC",
      "provider": "provider[\"registry.terraform.io/hashicorp/aws\"]",
      "instances": [
        {
          "schema_version": 1,
          "attributes": {
            "arn": "arn:aws:ec2:us-east-1:739946033235:vpc/vpc-0db2f69aa4cd4ba3d",
            "assign_generated_ipv6_cidr_block": false,
            "cidr_block": "10.0.0.0/16",
            "default_network_acl_id": "acl-00224ed9d03203d05",
            "default_route_table_id": "rtb-0eeac1b9588b2d8cf",
            "default_security_group_id": "sg-0fe31214c972385e2",
            "dhcp_options_id": "dopt-0796199081b98572e",
            "enable_dns_hostnames": false,
            "enable_dns_support": true,
            "enable_network_address_usage_metrics": false,
            "id": "vpc-0db2f69aa4cd4ba3d",
            "instance_tenancy": "default",
            "ipv4_ipam_pool_id": null,
            "ipv4_netmask_length": null,
            "ipv6_association_id": "",
            "ipv6_cidr_block": "",
            "ipv6_cidr_block_network_border_group": "",
            "ipv6_ipam_pool_id": "",
            "ipv6_netmask_length": 0,
            "main_route_table_id": "rtb-0eeac1b9588b2d8cf",
            "owner_id": "739946033235",
            "tags": {
              "Name": "VPC_Demo"
            },
            "tags_all": {
              "Name": "VPC_Demo"
            }
          },
          "sensitive_attributes": [],
          "private": "eyJzY2hlbWFfdmVyc2lvbiI6IjEifQ=="
        }
      ]
    },
    {
      "mode": "managed",
      "type": "aws_vpc_security_group_egress_rule",
      "name": "allow_all_traffic_ipv4",
      "provider": "provider[\"registry.terraform.io/hashicorp/aws\"]",
      "instances": [
        {
          "schema_version": 0,
          "attributes": {
            "arn": "arn:aws:ec2:us-east-1:739946033235:security-group-rule/sgr-0c1d6564a61d264d8",
            "cidr_ipv4": "0.0.0.0/0",
            "cidr_ipv6": null,
            "description": null,
            "from_port": null,
            "id": "sgr-0c1d6564a61d264d8",
            "ip_protocol": "-1",
            "prefix_list_id": null,
            "referenced_security_group_id": null,
            "security_group_id": "sg-02d4ad6edc9799c25",
            "security_group_rule_id": "sgr-0c1d6564a61d264d8",
            "tags": null,
            "tags_all": {},
            "to_port": null
          },
          "sensitive_attributes": [],
          "dependencies": [
            "aws_security_group.web-sg-pub",
            "aws_vpc.myVPC"
          ]
        }
      ]
    },
    {
      "mode": "managed",
      "type": "aws_vpc_security_group_egress_rule",
      "name": "allow_all_traffic_ipv4_pubsub",
      "provider": "provider[\"registry.terraform.io/hashicorp/aws\"]",
      "instances": [
        {
          "schema_version": 0,
          "attributes": {
            "arn": "arn:aws:ec2:us-east-1:739946033235:security-group-rule/sgr-077e4c3b2d4192666",
            "cidr_ipv4": "0.0.0.0/0",
            "cidr_ipv6": null,
            "description": null,
            "from_port": null,
            "id": "sgr-077e4c3b2d4192666",
            "ip_protocol": "-1",
            "prefix_list_id": null,
            "referenced_security_group_id": null,
            "security_group_id": "sg-0c8d4feeab959b837",
            "security_group_rule_id": "sgr-077e4c3b2d4192666",
            "tags": null,
            "tags_all": {},
            "to_port": null
          },
          "sensitive_attributes": [],
          "dependencies": [
            "aws_security_group.web-sg-pri",
            "aws_vpc.myVPC"
          ]
        }
      ]
    },
    {
      "mode": "managed",
      "type": "aws_vpc_security_group_ingress_rule",
      "name": "SSH_from_VPC",
      "provider": "provider[\"registry.terraform.io/hashicorp/aws\"]",
      "instances": [
        {
          "schema_version": 0,
          "attributes": {
            "arn": "arn:aws:ec2:us-east-1:739946033235:security-group-rule/sgr-0cce3d37cc558ffdd",
            "cidr_ipv4": "0.0.0.0/0",
            "cidr_ipv6": null,
            "description": null,
            "from_port": 22,
            "id": "sgr-0cce3d37cc558ffdd",
            "ip_protocol": "tcp",
            "prefix_list_id": null,
            "referenced_security_group_id": null,
            "security_group_id": "sg-02d4ad6edc9799c25",
            "security_group_rule_id": "sgr-0cce3d37cc558ffdd",
            "tags": null,
            "tags_all": {},
            "to_port": 22
          },
          "sensitive_attributes": [],
          "dependencies": [
            "aws_security_group.web-sg-pub",
            "aws_vpc.myVPC"
          ]
        }
      ]
    },
    {
      "mode": "managed",
      "type": "aws_vpc_security_group_ingress_rule",
      "name": "SSH_from_pubsub",
      "provider": "provider[\"registry.terraform.io/hashicorp/aws\"]",
      "instances": [
        {
          "schema_version": 0,
          "attributes": {
            "arn": "arn:aws:ec2:us-east-1:739946033235:security-group-rule/sgr-0c137933fd71fa1e6",
            "cidr_ipv4": "10.0.0.0/24",
            "cidr_ipv6": null,
            "description": null,
            "from_port": 22,
            "id": "sgr-0c137933fd71fa1e6",
            "ip_protocol": "tcp",
            "prefix_list_id": null,
            "referenced_security_group_id": null,
            "security_group_id": "sg-0c8d4feeab959b837",
            "security_group_rule_id": "sgr-0c137933fd71fa1e6",
            "tags": null,
            "tags_all": {},
            "to_port": 22
          },
          "sensitive_attributes": [],
          "dependencies": [
            "aws_security_group.web-sg-pri",
            "aws_vpc.myVPC"
          ]
        }
      ]
    },
    {
      "mode": "managed",
      "type": "aws_vpc_security_group_ingress_rule",
      "name": "TLS_from_VPC",
      "provider": "provider[\"registry.terraform.io/hashicorp/aws\"]",
      "instances": [
        {
          "schema_version": 0,
          "attributes": {
            "arn": "arn:aws:ec2:us-east-1:739946033235:security-group-rule/sgr-00aefc5797be30706",
            "cidr_ipv4": "0.0.0.0/0",
            "cidr_ipv6": null,
            "description": null,
            "from_port": 80,
            "id": "sgr-00aefc5797be30706",
            "ip_protocol": "tcp",
            "prefix_list_id": null,
            "referenced_security_group_id": null,
            "security_group_id": "sg-02d4ad6edc9799c25",
            "security_group_rule_id": "sgr-00aefc5797be30706",
            "tags": null,
            "tags_all": {},
            "to_port": 80
          },
          "sensitive_attributes": [],
          "dependencies": [
            "aws_security_group.web-sg-pub",
            "aws_vpc.myVPC"
          ]
        }
      ]
    },
    {
      "mode": "managed",
      "type": "tls_private_key",
      "name": "rsa",
      "provider": "provider[\"registry.terraform.io/hashicorp/tls\"]",
      "instances": [
        {
          "schema_version": 1,
          "attributes": {
            "algorithm": "RSA",
            "ecdsa_curve": "P224",
            "id": "44726465376da751636f770809c00c819d3d2f6d",
            "private_key_openssh": "-----BEGIN OPENSSH PRIVATE KEY-----\nb3BlbnNzaC1rZXktdjEAAAAABG5vbmUAAAAEbm9uZQAAAAAAAAABAAACFwAAAAdz\nc2gtcnNhAAAAAwEAAQAAAgEA9GeEcdBAYenRHaOhyi6tF+TsEZtOHV8Q4QWPUY+x\ncSr01Mg6KgcIMb1NOEsBybWbSJGs3BUP5sztruJYq4fPxCH2BxZuAnCIX+szkArs\nJPeTgAXrks7ZkP0ZbULfFfinFBZVxjJAa4y3gkLk7Q27QV9AU308sKApIOWDU+xS\nR/gSga57nr36uqoYtHMxTkES0fjquMfuU5BXhHz4I98j5a6vOVZOcqeVxkqj+MjI\n7w/4Yp2NgDiazVUPwAnqULv8mVZnEl2gGk6pk0tJMi30EBRKyElnVr2iQSxHagBn\nDjkjnAfhHXbaQAWDyU8yPstNrlRMbkUh7fLF7shV9WsmFof3Yl1CcaO1gWDbhzBb\n7F8prfR4GU+J2k4rYiqAofI1Rr8aLmssSLRRax6QJxBdTvsUJBcSStsORwUGxJzv\nEbXPT+irzmDK1uu8sL5DL34C31FZQdu5mBcshca86vcVxD0xHLj/5jn2teCX1zs1\nLRgzX7qx2mjj9z+Yhfu8WJV3xeFND+p6Az54UchxNJPcnYOr/8lKhplHHKZnyRnw\n8ZvM3SG8BalEx8RaYizi3Q8YK9tvYkn1oanLoMh8WG6I/IQIgfycJXWWSpYhmVOO\no+gyAtanBbeWC1SkO/9v7LvEgpvrBSC1xU/SewK+bGrnV9ZuDs4dWVWfwfhF0jMW\nJfkAAAc4tcBu97XAbvcAAAAHc3NoLXJzYQAAAgEA9GeEcdBAYenRHaOhyi6tF+Ts\nEZtOHV8Q4QWPUY+xcSr01Mg6KgcIMb1NOEsBybWbSJGs3BUP5sztruJYq4fPxCH2\nBxZuAnCIX+szkArsJPeTgAXrks7ZkP0ZbULfFfinFBZVxjJAa4y3gkLk7Q27QV9A\nU308sKApIOWDU+xSR/gSga57nr36uqoYtHMxTkES0fjquMfuU5BXhHz4I98j5a6v\nOVZOcqeVxkqj+MjI7w/4Yp2NgDiazVUPwAnqULv8mVZnEl2gGk6pk0tJMi30EBRK\nyElnVr2iQSxHagBnDjkjnAfhHXbaQAWDyU8yPstNrlRMbkUh7fLF7shV9WsmFof3\nYl1CcaO1gWDbhzBb7F8prfR4GU+J2k4rYiqAofI1Rr8aLmssSLRRax6QJxBdTvsU\nJBcSStsORwUGxJzvEbXPT+irzmDK1uu8sL5DL34C31FZQdu5mBcshca86vcVxD0x\nHLj/5jn2teCX1zs1LRgzX7qx2mjj9z+Yhfu8WJV3xeFND+p6Az54UchxNJPcnYOr\n/8lKhplHHKZnyRnw8ZvM3SG8BalEx8RaYizi3Q8YK9tvYkn1oanLoMh8WG6I/IQI\ngfycJXWWSpYhmVOOo+gyAtanBbeWC1SkO/9v7LvEgpvrBSC1xU/SewK+bGrnV9Zu\nDs4dWVWfwfhF0jMWJfkAAAADAQABAAACABSB1xghrDVLBDPjdgDb98QofjJgAKbw\nQh9Pcx4Z236uZwqvnknGe0aJJsCRcp31Mgldx85TqhjomwzwixYheCpx2w3vMN3d\niWPa/WGZuQTFDUhRttmDp7fFtOt5D/Ts/z/tO9c8gjFEBmXUrRbC7zJmBqS6vmvn\nlGvhNirFioXlZ9AfztmcATzGZvpFLB7v0N9zbmaAyBuU4fMI9V01LPLpvGQoPL7c\nFvIjcyy91DZS9bl4lNXsafjOqVqoulN54pEPMejVmEh8zze/um2Oc4sh2MCDgDtE\nAChNydQ4Im2MF9PQyW/KeDek/tDWZ1XjgyocgqlB/b3UgA0wHB5SlkhluCNwxXWm\nBTxA/QvVRGRPh6BRSwQLsoWbddZupc3t2q9EyN056Gfefo9G1MSS1OJh47cd3hLU\n1w5ZdobHbeuMXirGBN2GGUx1LIYLYQmEb/OnwMZbi5gR0MpPTKCS66QZCNPe0XTm\nIEu54WZpC6OBXYpcYjMvupY9wc3quQ9BGAJkMdavqroQyugr5drzSW7f0LaUrACU\ntwruxHsGyOv7zIjdDdjel9Pi9fMzeeEhcexJcEMU2JZAdXhHC3P6r9xUemqW6Sji\nKjk/ruw5lpJ2r0Ms7tu7GqsjlpN72QX4iNSkQaKSQgz1+SHJ6TiHAOBus5QpksAj\naSugMHkrD7oNAAABAG04txKHBzU3uSP6Mcfbq95CsGneP7psKHnewTkZSgmeHMQ5\n5gOK3FjEgkQ66r3tHBrKUbxhbSBvUNMvi6nseG5ugNWdZgP8aQ66dS7dzTRXiW5u\n/KsOhH0L6acyhGrvBVBT93c9o4ymJo460FubKfF7TMOrvC5Dn2OtYzJ6KgCVUe7I\nzM1q5oIsJkIFtMFidr4/0oMF3wl7lvblfNoyQzVOXmcDu6WXfazPLbpDyQMjjXO5\nriVbPsQ20LQx5rj1OQVO/PAIwF2FnjI4XC3SqpOACMcyB/JFH2dDz6kjXhc7TloY\n32RB6EmZHXEcX6VpjxYgq16Yp8cqdnLtjouu3BYAAAEBAProKoXfhIko6vxsPl/f\nuUuaLmyojcE8323drbArkN5M5RSxfbHLyvG3HHE2RZj3A+dxIrF5xush1NmXCVsS\nIRJoDw+bswkZORO3IUjyTMV3I3wZHcERHtGrYhkUCopi74QpbdlmBLMNRNdzqTQk\nru+y9+i1xFFyxkcGD5CyKKKdoTELdt5S2AOb1FPE4AP0bCL4kEzBs1dBfyGxqdzy\nNHVG1sfZh+s5aGVb4j6v+yH+sVN124cbSxBou2inWORAB5BZMA8oOjIcugyjY0gi\nfRD/zeVyZjyMgcGmwNGd0OrehDppDI3Jefj7yqkDXZwpNWYQBG8t6Rass5soiaCX\nqzsAAAEBAPldj5mFW0ZEyd7bh9V0uVdwaEHfCCXCv0m6Oih6v5/R+7y+uLIJ3WL2\nB3pfWvG40sq6j7tK7IxBxT6Hgl7VZjhXsp30zQpgQs8VkJSA10sHeEAeSoryyqzc\nVSk3eiqs0xvGO5NsdR9SAi7AQvTENjtyZ9LjwjRoxDR8IcIwmGiTIEGiJ/2zukQU\nius+qAbVnEEEU+ibBBsqvDTOPx2G63wQxW1zasZAg8k839u2jika40K5NhQDBZfc\n7RQOBpA0bP+pN+OAf4XPKHJk78VeRrfU32nfKmY1hP/8dCEuVyVzFyS98MIBsuuq\nzLMpC1onI88CzRlLcUM30IX77ynwWFsAAAAAAQID\n-----END OPENSSH PRIVATE KEY-----\n",
            "private_key_pem": "-----BEGIN RSA PRIVATE KEY-----\nMIIJKAIBAAKCAgEA9GeEcdBAYenRHaOhyi6tF+TsEZtOHV8Q4QWPUY+xcSr01Mg6\nKgcIMb1NOEsBybWbSJGs3BUP5sztruJYq4fPxCH2BxZuAnCIX+szkArsJPeTgAXr\nks7ZkP0ZbULfFfinFBZVxjJAa4y3gkLk7Q27QV9AU308sKApIOWDU+xSR/gSga57\nnr36uqoYtHMxTkES0fjquMfuU5BXhHz4I98j5a6vOVZOcqeVxkqj+MjI7w/4Yp2N\ngDiazVUPwAnqULv8mVZnEl2gGk6pk0tJMi30EBRKyElnVr2iQSxHagBnDjkjnAfh\nHXbaQAWDyU8yPstNrlRMbkUh7fLF7shV9WsmFof3Yl1CcaO1gWDbhzBb7F8prfR4\nGU+J2k4rYiqAofI1Rr8aLmssSLRRax6QJxBdTvsUJBcSStsORwUGxJzvEbXPT+ir\nzmDK1uu8sL5DL34C31FZQdu5mBcshca86vcVxD0xHLj/5jn2teCX1zs1LRgzX7qx\n2mjj9z+Yhfu8WJV3xeFND+p6Az54UchxNJPcnYOr/8lKhplHHKZnyRnw8ZvM3SG8\nBalEx8RaYizi3Q8YK9tvYkn1oanLoMh8WG6I/IQIgfycJXWWSpYhmVOOo+gyAtan\nBbeWC1SkO/9v7LvEgpvrBSC1xU/SewK+bGrnV9ZuDs4dWVWfwfhF0jMWJfkCAwEA\nAQKCAgAUgdcYIaw1SwQz43YA2/fEKH4yYACm8EIfT3MeGdt+rmcKr55JxntGiSbA\nkXKd9TIJXcfOU6oY6JsM8IsWIXgqcdsN7zDd3Ylj2v1hmbkExQ1IUbbZg6e3xbTr\neQ/07P8/7TvXPIIxRAZl1K0Wwu8yZgakur5r55Rr4TYqxYqF5WfQH87ZnAE8xmb6\nRSwe79Dfc25mgMgblOHzCPVdNSzy6bxkKDy+3BbyI3MsvdQ2UvW5eJTV7Gn4zqla\nqLpTeeKRDzHo1ZhIfM83v7ptjnOLIdjAg4A7RAAoTcnUOCJtjBfT0Mlvyng3pP7Q\n1mdV44MqHIKpQf291IANMBweUpZIZbgjcMV1pgU8QP0L1URkT4egUUsEC7KFm3XW\nbqXN7dqvRMjdOehn3n6PRtTEktTiYeO3Hd4S1NcOWXaGx23rjF4qxgTdhhlMdSyG\nC2EJhG/zp8DGW4uYEdDKT0ygkuukGQjT3tF05iBLueFmaQujgV2KXGIzL7qWPcHN\n6rkPQRgCZDHWr6q6EMroK+Xa80lu39C2lKwAlLcK7sR7Bsjr+8yI3Q3Y3pfT4vXz\nM3nhIXHsSXBDFNiWQHV4Rwtz+q/cVHpqluko4io5P67sOZaSdq9DLO7buxqrI5aT\ne9kF+IjUpEGikkIM9fkhyek4hwDgbrOUKZLAI2kroDB5Kw+6DQKCAQEA+ugqhd+E\niSjq/Gw+X9+5S5oubKiNwTzfbd2tsCuQ3kzlFLF9scvK8bcccTZFmPcD53EisXnG\n6yHU2ZcJWxIhEmgPD5uzCRk5E7chSPJMxXcjfBkdwREe0atiGRQKimLvhClt2WYE\nsw1E13OpNCSu77L36LXEUXLGRwYPkLIoop2hMQt23lLYA5vUU8TgA/RsIviQTMGz\nV0F/IbGp3PI0dUbWx9mH6zloZVviPq/7If6xU3XbhxtLEGi7aKdY5EAHkFkwDyg6\nMhy6DKNjSCJ9EP/N5XJmPIyBwabA0Z3Q6t6EOmkMjcl5+PvKqQNdnCk1ZhAEby3p\nFqyzmyiJoJerOwKCAQEA+V2PmYVbRkTJ3tuH1XS5V3BoQd8IJcK/Sbo6KHq/n9H7\nvL64sgndYvYHel9a8bjSyrqPu0rsjEHFPoeCXtVmOFeynfTNCmBCzxWQlIDXSwd4\nQB5KivLKrNxVKTd6KqzTG8Y7k2x1H1ICLsBC9MQ2O3Jn0uPCNGjENHwhwjCYaJMg\nQaIn/bO6RBSK6z6oBtWcQQRT6JsEGyq8NM4/HYbrfBDFbXNqxkCDyTzf27aOKRrj\nQrk2FAMFl9ztFA4GkDRs/6k344B/hc8ocmTvxV5Gt9Tfad8qZjWE//x0IS5XJXMX\nJL3wwgGy66rMsykLWicjzwLNGUtxQzfQhfvvKfBYWwKCAQB+1WfRfrj3wOhwq6Mo\nQebgMdNv+BCYc1YaqqnHWW6FAWf3+vUoMHWplL/a9u1dstiVYVqBTqbga5y2VaRU\nFikDrfiXEkUBv29b6QH5Zwqp81zLucKRuz7SDImtVbUyWWrsayjtcaXEgVugcgZB\npp2L6/Nn/qJ77cIPWx/5LCZgdcBrE3mGT2iFAnvl0KrRNPiJAQ+ozW4EGMbUWIQe\nfY1JD4M5SVxs6vs76aPHvpv7hk1LfFN5y7E5XUgHUjkcQMXSEVO7BcHNXTorc1iX\nuV9xfW4uo5LM3tYk90+XZuiaIdvDzyCaeBOhal766wmiDC7DJiunrBSc8rZkI6zW\nsnTLAoIBAQCJP6S048BcCapuXbgClW8ZoEXR05bhabHtO3GdLApiRanftb1kSKew\nOyfcg7VDi+2BJXPMqy1M+To980mfNqc/ZY1rAP0Fs/uxjPX5tnxI0ICwEbwHhCBn\nShIZUG6OJHdBNzc9KhnAtlt7LdjsbT5IM+zPFwqh2/P5y0StZB/OlwPO/Bg0vAJO\nTFw1pFPJBzMsWdxxDzkQVtIl4kq8zrC3pWd0mWzwVzvxu+6eOHlASItDAzuvggZH\nEpLuUdXs8t33TUT0k5ocpOtnIwURRZV4wtKArBLjFJvyZRnp1V6jvxfC4kQsE9FN\ngsGN7o5P/XDpFGqcfHiHfaXoyMRW+fE3AoIBAG04txKHBzU3uSP6Mcfbq95CsGne\nP7psKHnewTkZSgmeHMQ55gOK3FjEgkQ66r3tHBrKUbxhbSBvUNMvi6nseG5ugNWd\nZgP8aQ66dS7dzTRXiW5u/KsOhH0L6acyhGrvBVBT93c9o4ymJo460FubKfF7TMOr\nvC5Dn2OtYzJ6KgCVUe7IzM1q5oIsJkIFtMFidr4/0oMF3wl7lvblfNoyQzVOXmcD\nu6WXfazPLbpDyQMjjXO5riVbPsQ20LQx5rj1OQVO/PAIwF2FnjI4XC3SqpOACMcy\nB/JFH2dDz6kjXhc7TloY32RB6EmZHXEcX6VpjxYgq16Yp8cqdnLtjouu3BY=\n-----END RSA PRIVATE KEY-----\n",
            "private_key_pem_pkcs8": "-----BEGIN PRIVATE KEY-----\nMIIJQgIBADANBgkqhkiG9w0BAQEFAASCCSwwggkoAgEAAoICAQD0Z4Rx0EBh6dEd\no6HKLq0X5OwRm04dXxDhBY9Rj7FxKvTUyDoqBwgxvU04SwHJtZtIkazcFQ/mzO2u\n4lirh8/EIfYHFm4CcIhf6zOQCuwk95OABeuSztmQ/RltQt8V+KcUFlXGMkBrjLeC\nQuTtDbtBX0BTfTywoCkg5YNT7FJH+BKBrnuevfq6qhi0czFOQRLR+Oq4x+5TkFeE\nfPgj3yPlrq85Vk5yp5XGSqP4yMjvD/hinY2AOJrNVQ/ACepQu/yZVmcSXaAaTqmT\nS0kyLfQQFErISWdWvaJBLEdqAGcOOSOcB+EddtpABYPJTzI+y02uVExuRSHt8sXu\nyFX1ayYWh/diXUJxo7WBYNuHMFvsXymt9HgZT4naTitiKoCh8jVGvxouayxItFFr\nHpAnEF1O+xQkFxJK2w5HBQbEnO8Rtc9P6KvOYMrW67ywvkMvfgLfUVlB27mYFyyF\nxrzq9xXEPTEcuP/mOfa14JfXOzUtGDNfurHaaOP3P5iF+7xYlXfF4U0P6noDPnhR\nyHE0k9ydg6v/yUqGmUccpmfJGfDxm8zdIbwFqUTHxFpiLOLdDxgr229iSfWhqcug\nyHxYboj8hAiB/JwldZZKliGZU46j6DIC1qcFt5YLVKQ7/2/su8SCm+sFILXFT9J7\nAr5saudX1m4Ozh1ZVZ/B+EXSMxYl+QIDAQABAoICABSB1xghrDVLBDPjdgDb98Qo\nfjJgAKbwQh9Pcx4Z236uZwqvnknGe0aJJsCRcp31Mgldx85TqhjomwzwixYheCpx\n2w3vMN3diWPa/WGZuQTFDUhRttmDp7fFtOt5D/Ts/z/tO9c8gjFEBmXUrRbC7zJm\nBqS6vmvnlGvhNirFioXlZ9AfztmcATzGZvpFLB7v0N9zbmaAyBuU4fMI9V01LPLp\nvGQoPL7cFvIjcyy91DZS9bl4lNXsafjOqVqoulN54pEPMejVmEh8zze/um2Oc4sh\n2MCDgDtEAChNydQ4Im2MF9PQyW/KeDek/tDWZ1XjgyocgqlB/b3UgA0wHB5Slkhl\nuCNwxXWmBTxA/QvVRGRPh6BRSwQLsoWbddZupc3t2q9EyN056Gfefo9G1MSS1OJh\n47cd3hLU1w5ZdobHbeuMXirGBN2GGUx1LIYLYQmEb/OnwMZbi5gR0MpPTKCS66QZ\nCNPe0XTmIEu54WZpC6OBXYpcYjMvupY9wc3quQ9BGAJkMdavqroQyugr5drzSW7f\n0LaUrACUtwruxHsGyOv7zIjdDdjel9Pi9fMzeeEhcexJcEMU2JZAdXhHC3P6r9xU\nemqW6SjiKjk/ruw5lpJ2r0Ms7tu7GqsjlpN72QX4iNSkQaKSQgz1+SHJ6TiHAOBu\ns5QpksAjaSugMHkrD7oNAoIBAQD66CqF34SJKOr8bD5f37lLmi5sqI3BPN9t3a2w\nK5DeTOUUsX2xy8rxtxxxNkWY9wPncSKxecbrIdTZlwlbEiESaA8Pm7MJGTkTtyFI\n8kzFdyN8GR3BER7Rq2IZFAqKYu+EKW3ZZgSzDUTXc6k0JK7vsvfotcRRcsZHBg+Q\nsiiinaExC3beUtgDm9RTxOAD9Gwi+JBMwbNXQX8hsanc8jR1RtbH2YfrOWhlW+I+\nr/sh/rFTdduHG0sQaLtop1jkQAeQWTAPKDoyHLoMo2NIIn0Q/83lcmY8jIHBpsDR\nndDq3oQ6aQyNyXn4+8qpA12cKTVmEARvLekWrLObKImgl6s7AoIBAQD5XY+ZhVtG\nRMne24fVdLlXcGhB3wglwr9Jujooer+f0fu8vriyCd1i9gd6X1rxuNLKuo+7SuyM\nQcU+h4Je1WY4V7Kd9M0KYELPFZCUgNdLB3hAHkqK8sqs3FUpN3oqrNMbxjuTbHUf\nUgIuwEL0xDY7cmfS48I0aMQ0fCHCMJhokyBBoif9s7pEFIrrPqgG1ZxBBFPomwQb\nKrw0zj8dhut8EMVtc2rGQIPJPN/bto4pGuNCuTYUAwWX3O0UDgaQNGz/qTfjgH+F\nzyhyZO/FXka31N9p3ypmNYT//HQhLlclcxckvfDCAbLrqsyzKQtaJyPPAs0ZS3FD\nN9CF++8p8FhbAoIBAH7VZ9F+uPfA6HCroyhB5uAx02/4EJhzVhqqqcdZboUBZ/f6\n9SgwdamUv9r27V2y2JVhWoFOpuBrnLZVpFQWKQOt+JcSRQG/b1vpAflnCqnzXMu5\nwpG7PtIMia1VtTJZauxrKO1xpcSBW6ByBkGmnYvr82f+onvtwg9bH/ksJmB1wGsT\neYZPaIUCe+XQqtE0+IkBD6jNbgQYxtRYhB59jUkPgzlJXGzq+zvpo8e+m/uGTUt8\nU3nLsTldSAdSORxAxdIRU7sFwc1dOitzWJe5X3F9bi6jksze1iT3T5dm6Joh28PP\nIJp4E6FqXvrrCaIMLsMmK6esFJzytmQjrNaydMsCggEBAIk/pLTjwFwJqm5duAKV\nbxmgRdHTluFpse07cZ0sCmJFqd+1vWRIp7A7J9yDtUOL7YElc8yrLUz5Oj3zSZ82\npz9ljWsA/QWz+7GM9fm2fEjQgLARvAeEIGdKEhlQbo4kd0E3Nz0qGcC2W3st2Oxt\nPkgz7M8XCqHb8/nLRK1kH86XA878GDS8Ak5MXDWkU8kHMyxZ3HEPORBW0iXiSrzO\nsLelZ3SZbPBXO/G77p44eUBIi0MDO6+CBkcSku5R1ezy3fdNRPSTmhyk62cjBRFF\nlXjC0oCsEuMUm/JlGenVXqO/F8LiRCwT0U2CwY3ujk/9cOkUapx8eId9pejIxFb5\n8TcCggEAbTi3EocHNTe5I/oxx9ur3kKwad4/umwoed7BORlKCZ4cxDnmA4rcWMSC\nRDrqve0cGspRvGFtIG9Q0y+Lqex4bm6A1Z1mA/xpDrp1Lt3NNFeJbm78qw6EfQvp\npzKEau8FUFP3dz2jjKYmjjrQW5sp8XtMw6u8LkOfY61jMnoqAJVR7sjMzWrmgiwm\nQgW0wWJ2vj/SgwXfCXuW9uV82jJDNU5eZwO7pZd9rM8tukPJAyONc7muJVs+xDbQ\ntDHmuPU5BU788AjAXYWeMjhcLdKqk4AIxzIH8kUfZ0PPqSNeFztOWhjfZEHoSZkd\ncRxfpWmPFiCrXpinxyp2cu2Oi67cFg==\n-----END PRIVATE KEY-----\n",
            "public_key_fingerprint_md5": "6c:07:76:1c:1a:03:16:0d:69:a8:cd:27:4b:45:be:68",
            "public_key_fingerprint_sha256": "SHA256:XgP59b15FJFRvQAX3mn54Of/r6RV7ibUy9neyCXtfIs",
            "public_key_openssh": "ssh-rsa AAAAB3NzaC1yc2EAAAADAQABAAACAQD0Z4Rx0EBh6dEdo6HKLq0X5OwRm04dXxDhBY9Rj7FxKvTUyDoqBwgxvU04SwHJtZtIkazcFQ/mzO2u4lirh8/EIfYHFm4CcIhf6zOQCuwk95OABeuSztmQ/RltQt8V+KcUFlXGMkBrjLeCQuTtDbtBX0BTfTywoCkg5YNT7FJH+BKBrnuevfq6qhi0czFOQRLR+Oq4x+5TkFeEfPgj3yPlrq85Vk5yp5XGSqP4yMjvD/hinY2AOJrNVQ/ACepQu/yZVmcSXaAaTqmTS0kyLfQQFErISWdWvaJBLEdqAGcOOSOcB+EddtpABYPJTzI+y02uVExuRSHt8sXuyFX1ayYWh/diXUJxo7WBYNuHMFvsXymt9HgZT4naTitiKoCh8jVGvxouayxItFFrHpAnEF1O+xQkFxJK2w5HBQbEnO8Rtc9P6KvOYMrW67ywvkMvfgLfUVlB27mYFyyFxrzq9xXEPTEcuP/mOfa14JfXOzUtGDNfurHaaOP3P5iF+7xYlXfF4U0P6noDPnhRyHE0k9ydg6v/yUqGmUccpmfJGfDxm8zdIbwFqUTHxFpiLOLdDxgr229iSfWhqcugyHxYboj8hAiB/JwldZZKliGZU46j6DIC1qcFt5YLVKQ7/2/su8SCm+sFILXFT9J7Ar5saudX1m4Ozh1ZVZ/B+EXSMxYl+Q==\n",
            "public_key_pem": "-----BEGIN PUBLIC KEY-----\nMIICIjANBgkqhkiG9w0BAQEFAAOCAg8AMIICCgKCAgEA9GeEcdBAYenRHaOhyi6t\nF+TsEZtOHV8Q4QWPUY+xcSr01Mg6KgcIMb1NOEsBybWbSJGs3BUP5sztruJYq4fP\nxCH2BxZuAnCIX+szkArsJPeTgAXrks7ZkP0ZbULfFfinFBZVxjJAa4y3gkLk7Q27\nQV9AU308sKApIOWDU+xSR/gSga57nr36uqoYtHMxTkES0fjquMfuU5BXhHz4I98j\n5a6vOVZOcqeVxkqj+MjI7w/4Yp2NgDiazVUPwAnqULv8mVZnEl2gGk6pk0tJMi30\nEBRKyElnVr2iQSxHagBnDjkjnAfhHXbaQAWDyU8yPstNrlRMbkUh7fLF7shV9Wsm\nFof3Yl1CcaO1gWDbhzBb7F8prfR4GU+J2k4rYiqAofI1Rr8aLmssSLRRax6QJxBd\nTvsUJBcSStsORwUGxJzvEbXPT+irzmDK1uu8sL5DL34C31FZQdu5mBcshca86vcV\nxD0xHLj/5jn2teCX1zs1LRgzX7qx2mjj9z+Yhfu8WJV3xeFND+p6Az54UchxNJPc\nnYOr/8lKhplHHKZnyRnw8ZvM3SG8BalEx8RaYizi3Q8YK9tvYkn1oanLoMh8WG6I\n/IQIgfycJXWWSpYhmVOOo+gyAtanBbeWC1SkO/9v7LvEgpvrBSC1xU/SewK+bGrn\nV9ZuDs4dWVWfwfhF0jMWJfkCAwEAAQ==\n-----END PUBLIC KEY-----\n",
            "rsa_bits": 4096
          },
          "sensitive_attributes": []
        }
      ]
    }
  ],
  "check_results": null
}
